// !$*UTF8*$!
{
	archiveVersion = 1;
	classes = {
	};
	objectVersion = 50;
	objects = {

/* Begin PBXBuildFile section */
		428A20FF2594A3A400246DB8 /* AppDelegate.swift in Sources */ = {isa = PBXBuildFile; fileRef = 428A20FE2594A3A400246DB8 /* AppDelegate.swift */; };
		428A21012594A3A400246DB8 /* SceneDelegate.swift in Sources */ = {isa = PBXBuildFile; fileRef = 428A21002594A3A400246DB8 /* SceneDelegate.swift */; };
		428A21032594A3A400246DB8 /* ViewController.swift in Sources */ = {isa = PBXBuildFile; fileRef = 428A21022594A3A400246DB8 /* ViewController.swift */; };
		428A21062594A3A400246DB8 /* Main.storyboard in Resources */ = {isa = PBXBuildFile; fileRef = 428A21042594A3A400246DB8 /* Main.storyboard */; };
		428A21082594A3A600246DB8 /* Assets.xcassets in Resources */ = {isa = PBXBuildFile; fileRef = 428A21072594A3A600246DB8 /* Assets.xcassets */; };
		428A210B2594A3A600246DB8 /* LaunchScreen.storyboard in Resources */ = {isa = PBXBuildFile; fileRef = 428A21092594A3A600246DB8 /* LaunchScreen.storyboard */; };
		428A21162594A3A600246DB8 /* MyNewVideoDemoTests.swift in Sources */ = {isa = PBXBuildFile; fileRef = 428A21152594A3A600246DB8 /* MyNewVideoDemoTests.swift */; };
		428A21212594A3A600246DB8 /* MyNewVideoDemoUITests.swift in Sources */ = {isa = PBXBuildFile; fileRef = 428A21202594A3A600246DB8 /* MyNewVideoDemoUITests.swift */; };
		428A213A2594A67300246DB8 /* CaptureVideoViewController.swift in Sources */ = {isa = PBXBuildFile; fileRef = 428A21392594A67300246DB8 /* CaptureVideoViewController.swift */; };
		CC1A22C6D62D720820357D2D /* libPods-MyNewVideoDemo.a in Frameworks */ = {isa = PBXBuildFile; fileRef = 969F25FA22A305552F7014BF /* libPods-MyNewVideoDemo.a */; };
/* End PBXBuildFile section */

/* Begin PBXContainerItemProxy section */
		428A21122594A3A600246DB8 /* PBXContainerItemProxy */ = {
			isa = PBXContainerItemProxy;
			containerPortal = 428A20F32594A3A400246DB8 /* Project object */;
			proxyType = 1;
			remoteGlobalIDString = 428A20FA2594A3A400246DB8;
			remoteInfo = MyNewVideoDemo;
		};
		428A211D2594A3A600246DB8 /* PBXContainerItemProxy */ = {
			isa = PBXContainerItemProxy;
			containerPortal = 428A20F32594A3A400246DB8 /* Project object */;
			proxyType = 1;
			remoteGlobalIDString = 428A20FA2594A3A400246DB8;
			remoteInfo = MyNewVideoDemo;
		};
/* End PBXContainerItemProxy section */

/* Begin PBXFileReference section */
		428A20FB2594A3A400246DB8 /* MyNewVideoDemo.app */ = {isa = PBXFileReference; explicitFileType = wrapper.application; includeInIndex = 0; path = MyNewVideoDemo.app; sourceTree = BUILT_PRODUCTS_DIR; };
		428A20FE2594A3A400246DB8 /* AppDelegate.swift */ = {isa = PBXFileReference; lastKnownFileType = sourcecode.swift; path = AppDelegate.swift; sourceTree = "<group>"; };
		428A21002594A3A400246DB8 /* SceneDelegate.swift */ = {isa = PBXFileReference; lastKnownFileType = sourcecode.swift; path = SceneDelegate.swift; sourceTree = "<group>"; };
		428A21022594A3A400246DB8 /* ViewController.swift */ = {isa = PBXFileReference; lastKnownFileType = sourcecode.swift; path = ViewController.swift; sourceTree = "<group>"; };
		428A21052594A3A400246DB8 /* Base */ = {isa = PBXFileReference; lastKnownFileType = file.storyboard; name = Base; path = Base.lproj/Main.storyboard; sourceTree = "<group>"; };
		428A21072594A3A600246DB8 /* Assets.xcassets */ = {isa = PBXFileReference; lastKnownFileType = folder.assetcatalog; path = Assets.xcassets; sourceTree = "<group>"; };
		428A210A2594A3A600246DB8 /* Base */ = {isa = PBXFileReference; lastKnownFileType = file.storyboard; name = Base; path = Base.lproj/LaunchScreen.storyboard; sourceTree = "<group>"; };
		428A210C2594A3A600246DB8 /* Info.plist */ = {isa = PBXFileReference; lastKnownFileType = text.plist.xml; path = Info.plist; sourceTree = "<group>"; };
		428A21112594A3A600246DB8 /* MyNewVideoDemoTests.xctest */ = {isa = PBXFileReference; explicitFileType = wrapper.cfbundle; includeInIndex = 0; path = MyNewVideoDemoTests.xctest; sourceTree = BUILT_PRODUCTS_DIR; };
		428A21152594A3A600246DB8 /* MyNewVideoDemoTests.swift */ = {isa = PBXFileReference; lastKnownFileType = sourcecode.swift; path = MyNewVideoDemoTests.swift; sourceTree = "<group>"; };
		428A21172594A3A600246DB8 /* Info.plist */ = {isa = PBXFileReference; lastKnownFileType = text.plist.xml; path = Info.plist; sourceTree = "<group>"; };
		428A211C2594A3A600246DB8 /* MyNewVideoDemoUITests.xctest */ = {isa = PBXFileReference; explicitFileType = wrapper.cfbundle; includeInIndex = 0; path = MyNewVideoDemoUITests.xctest; sourceTree = BUILT_PRODUCTS_DIR; };
		428A21202594A3A600246DB8 /* MyNewVideoDemoUITests.swift */ = {isa = PBXFileReference; lastKnownFileType = sourcecode.swift; path = MyNewVideoDemoUITests.swift; sourceTree = "<group>"; };
		428A21222594A3A600246DB8 /* Info.plist */ = {isa = PBXFileReference; lastKnownFileType = text.plist.xml; path = Info.plist; sourceTree = "<group>"; };
		428A21392594A67300246DB8 /* CaptureVideoViewController.swift */ = {isa = PBXFileReference; lastKnownFileType = sourcecode.swift; path = CaptureVideoViewController.swift; sourceTree = "<group>"; };
		52383A25FBDCD494AD6C8F8F /* Pods-MyNewVideoDemo.debug.xcconfig */ = {isa = PBXFileReference; includeInIndex = 1; lastKnownFileType = text.xcconfig; name = "Pods-MyNewVideoDemo.debug.xcconfig"; path = "Target Support Files/Pods-MyNewVideoDemo/Pods-MyNewVideoDemo.debug.xcconfig"; sourceTree = "<group>"; };
		93003F1C96C7E0FDE0A5CEF3 /* Pods-MyNewVideoDemo.release.xcconfig */ = {isa = PBXFileReference; includeInIndex = 1; lastKnownFileType = text.xcconfig; name = "Pods-MyNewVideoDemo.release.xcconfig"; path = "Target Support Files/Pods-MyNewVideoDemo/Pods-MyNewVideoDemo.release.xcconfig"; sourceTree = "<group>"; };
		969F25FA22A305552F7014BF /* libPods-MyNewVideoDemo.a */ = {isa = PBXFileReference; explicitFileType = archive.ar; includeInIndex = 0; path = "libPods-MyNewVideoDemo.a"; sourceTree = BUILT_PRODUCTS_DIR; };
/* End PBXFileReference section */

/* Begin PBXFrameworksBuildPhase section */
		428A20F82594A3A400246DB8 /* Frameworks */ = {
			isa = PBXFrameworksBuildPhase;
			buildActionMask = 2147483647;
			files = (
				CC1A22C6D62D720820357D2D /* libPods-MyNewVideoDemo.a in Frameworks */,
			);
			runOnlyForDeploymentPostprocessing = 0;
		};
		428A210E2594A3A600246DB8 /* Frameworks */ = {
			isa = PBXFrameworksBuildPhase;
			buildActionMask = 2147483647;
			files = (
			);
			runOnlyForDeploymentPostprocessing = 0;
		};
		428A21192594A3A600246DB8 /* Frameworks */ = {
			isa = PBXFrameworksBuildPhase;
			buildActionMask = 2147483647;
			files = (
			);
			runOnlyForDeploymentPostprocessing = 0;
		};
/* End PBXFrameworksBuildPhase section */

/* Begin PBXGroup section */
		404D23BCF6F4C98F6584D7EA /* Pods */ = {
			isa = PBXGroup;
			children = (
				52383A25FBDCD494AD6C8F8F /* Pods-MyNewVideoDemo.debug.xcconfig */,
				93003F1C96C7E0FDE0A5CEF3 /* Pods-MyNewVideoDemo.release.xcconfig */,
			);
			path = Pods;
			sourceTree = "<group>";
		};
		428A20F22594A3A400246DB8 = {
			isa = PBXGroup;
			children = (
				428A20FD2594A3A400246DB8 /* MyNewVideoDemo */,
				428A21142594A3A600246DB8 /* MyNewVideoDemoTests */,
				428A211F2594A3A600246DB8 /* MyNewVideoDemoUITests */,
				428A20FC2594A3A400246DB8 /* Products */,
				404D23BCF6F4C98F6584D7EA /* Pods */,
				E20AA35439F2BDB79874FE48 /* Frameworks */,
			);
			sourceTree = "<group>";
		};
		428A20FC2594A3A400246DB8 /* Products */ = {
			isa = PBXGroup;
			children = (
				428A20FB2594A3A400246DB8 /* MyNewVideoDemo.app */,
				428A21112594A3A600246DB8 /* MyNewVideoDemoTests.xctest */,
				428A211C2594A3A600246DB8 /* MyNewVideoDemoUITests.xctest */,
			);
			name = Products;
			sourceTree = "<group>";
		};
		428A20FD2594A3A400246DB8 /* MyNewVideoDemo */ = {
			isa = PBXGroup;
			children = (
				428A20FE2594A3A400246DB8 /* AppDelegate.swift */,
				428A21002594A3A400246DB8 /* SceneDelegate.swift */,
				428A21022594A3A400246DB8 /* ViewController.swift */,
				428A21392594A67300246DB8 /* CaptureVideoViewController.swift */,
				428A21042594A3A400246DB8 /* Main.storyboard */,
				428A21072594A3A600246DB8 /* Assets.xcassets */,
				428A21092594A3A600246DB8 /* LaunchScreen.storyboard */,
				428A210C2594A3A600246DB8 /* Info.plist */,
			);
			path = MyNewVideoDemo;
			sourceTree = "<group>";
		};
		428A21142594A3A600246DB8 /* MyNewVideoDemoTests */ = {
			isa = PBXGroup;
			children = (
				428A21152594A3A600246DB8 /* MyNewVideoDemoTests.swift */,
				428A21172594A3A600246DB8 /* Info.plist */,
			);
			path = MyNewVideoDemoTests;
			sourceTree = "<group>";
		};
		428A211F2594A3A600246DB8 /* MyNewVideoDemoUITests */ = {
			isa = PBXGroup;
			children = (
				428A21202594A3A600246DB8 /* MyNewVideoDemoUITests.swift */,
				428A21222594A3A600246DB8 /* Info.plist */,
			);
			path = MyNewVideoDemoUITests;
			sourceTree = "<group>";
		};
		E20AA35439F2BDB79874FE48 /* Frameworks */ = {
			isa = PBXGroup;
			children = (
				969F25FA22A305552F7014BF /* libPods-MyNewVideoDemo.a */,
			);
			name = Frameworks;
			sourceTree = "<group>";
		};
/* End PBXGroup section */

/* Begin PBXNativeTarget section */
		428A20FA2594A3A400246DB8 /* MyNewVideoDemo */ = {
			isa = PBXNativeTarget;
			buildConfigurationList = 428A21252594A3A600246DB8 /* Build configuration list for PBXNativeTarget "MyNewVideoDemo" */;
			buildPhases = (
				E5315EAD343BD548B558E678 /* [CP] Check Pods Manifest.lock */,
				428A20F72594A3A400246DB8 /* Sources */,
				428A20F82594A3A400246DB8 /* Frameworks */,
				428A20F92594A3A400246DB8 /* Resources */,
			);
			buildRules = (
			);
			dependencies = (
			);
			name = MyNewVideoDemo;
			productName = MyNewVideoDemo;
			productReference = 428A20FB2594A3A400246DB8 /* MyNewVideoDemo.app */;
			productType = "com.apple.product-type.application";
		};
		428A21102594A3A600246DB8 /* MyNewVideoDemoTests */ = {
			isa = PBXNativeTarget;
			buildConfigurationList = 428A21282594A3A600246DB8 /* Build configuration list for PBXNativeTarget "MyNewVideoDemoTests" */;
			buildPhases = (
				428A210D2594A3A600246DB8 /* Sources */,
				428A210E2594A3A600246DB8 /* Frameworks */,
				428A210F2594A3A600246DB8 /* Resources */,
			);
			buildRules = (
			);
			dependencies = (
				428A21132594A3A600246DB8 /* PBXTargetDependency */,
			);
			name = MyNewVideoDemoTests;
			productName = MyNewVideoDemoTests;
			productReference = 428A21112594A3A600246DB8 /* MyNewVideoDemoTests.xctest */;
			productType = "com.apple.product-type.bundle.unit-test";
		};
		428A211B2594A3A600246DB8 /* MyNewVideoDemoUITests */ = {
			isa = PBXNativeTarget;
			buildConfigurationList = 428A212B2594A3A600246DB8 /* Build configuration list for PBXNativeTarget "MyNewVideoDemoUITests" */;
			buildPhases = (
				428A21182594A3A600246DB8 /* Sources */,
				428A21192594A3A600246DB8 /* Frameworks */,
				428A211A2594A3A600246DB8 /* Resources */,
			);
			buildRules = (
			);
			dependencies = (
				428A211E2594A3A600246DB8 /* PBXTargetDependency */,
			);
			name = MyNewVideoDemoUITests;
			productName = MyNewVideoDemoUITests;
			productReference = 428A211C2594A3A600246DB8 /* MyNewVideoDemoUITests.xctest */;
			productType = "com.apple.product-type.bundle.ui-testing";
		};
/* End PBXNativeTarget section */

/* Begin PBXProject section */
		428A20F32594A3A400246DB8 /* Project object */ = {
			isa = PBXProject;
			attributes = {
				LastSwiftUpdateCheck = 1220;
				LastUpgradeCheck = 1220;
				TargetAttributes = {
					428A20FA2594A3A400246DB8 = {
						CreatedOnToolsVersion = 12.2;
					};
					428A21102594A3A600246DB8 = {
						CreatedOnToolsVersion = 12.2;
						TestTargetID = 428A20FA2594A3A400246DB8;
					};
					428A211B2594A3A600246DB8 = {
						CreatedOnToolsVersion = 12.2;
						TestTargetID = 428A20FA2594A3A400246DB8;
					};
				};
			};
			buildConfigurationList = 428A20F62594A3A400246DB8 /* Build configuration list for PBXProject "MyNewVideoDemo" */;
			compatibilityVersion = "Xcode 9.3";
			developmentRegion = en;
			hasScannedForEncodings = 0;
			knownRegions = (
				en,
				Base,
			);
			mainGroup = 428A20F22594A3A400246DB8;
			productRefGroup = 428A20FC2594A3A400246DB8 /* Products */;
			projectDirPath = "";
			projectRoot = "";
			targets = (
				428A20FA2594A3A400246DB8 /* MyNewVideoDemo */,
				428A21102594A3A600246DB8 /* MyNewVideoDemoTests */,
				428A211B2594A3A600246DB8 /* MyNewVideoDemoUITests */,
			);
		};
/* End PBXProject section */

/* Begin PBXResourcesBuildPhase section */
		428A20F92594A3A400246DB8 /* Resources */ = {
			isa = PBXResourcesBuildPhase;
			buildActionMask = 2147483647;
			files = (
				428A210B2594A3A600246DB8 /* LaunchScreen.storyboard in Resources */,
				428A21082594A3A600246DB8 /* Assets.xcassets in Resources */,
				428A21062594A3A400246DB8 /* Main.storyboard in Resources */,
			);
			runOnlyForDeploymentPostprocessing = 0;
		};
		428A210F2594A3A600246DB8 /* Resources */ = {
			isa = PBXResourcesBuildPhase;
			buildActionMask = 2147483647;
			files = (
			);
			runOnlyForDeploymentPostprocessing = 0;
		};
		428A211A2594A3A600246DB8 /* Resources */ = {
			isa = PBXResourcesBuildPhase;
			buildActionMask = 2147483647;
			files = (
			);
			runOnlyForDeploymentPostprocessing = 0;
		};
/* End PBXResourcesBuildPhase section */

/* Begin PBXShellScriptBuildPhase section */
		E5315EAD343BD548B558E678 /* [CP] Check Pods Manifest.lock */ = {
			isa = PBXShellScriptBuildPhase;
			buildActionMask = 2147483647;
			files = (
			);
			inputFileListPaths = (
			);
			inputPaths = (
				"${PODS_PODFILE_DIR_PATH}/Podfile.lock",
				"${PODS_ROOT}/Manifest.lock",
			);
			name = "[CP] Check Pods Manifest.lock";
			outputFileListPaths = (
			);
			outputPaths = (
				"$(DERIVED_FILE_DIR)/Pods-MyNewVideoDemo-checkManifestLockResult.txt",
			);
			runOnlyForDeploymentPostprocessing = 0;
			shellPath = /bin/sh;
			shellScript = "diff \"${PODS_PODFILE_DIR_PATH}/Podfile.lock\" \"${PODS_ROOT}/Manifest.lock\" > /dev/null\nif [ $? != 0 ] ; then\n    # print error to STDERR\n    echo \"error: The sandbox is not in sync with the Podfile.lock. Run 'pod install' or update your CocoaPods installation.\" >&2\n    exit 1\nfi\n# This output is used by Xcode 'outputs' to avoid re-running this script phase.\necho \"SUCCESS\" > \"${SCRIPT_OUTPUT_FILE_0}\"\n";
			showEnvVarsInLog = 0;
		};
/* End PBXShellScriptBuildPhase section */

/* Begin PBXSourcesBuildPhase section */
		428A20F72594A3A400246DB8 /* Sources */ = {
			isa = PBXSourcesBuildPhase;
			buildActionMask = 2147483647;
			files = (
				428A21032594A3A400246DB8 /* ViewController.swift in Sources */,
				428A20FF2594A3A400246DB8 /* AppDelegate.swift in Sources */,
				428A213A2594A67300246DB8 /* CaptureVideoViewController.swift in Sources */,
				428A21012594A3A400246DB8 /* SceneDelegate.swift in Sources */,
			);
			runOnlyForDeploymentPostprocessing = 0;
		};
		428A210D2594A3A600246DB8 /* Sources */ = {
			isa = PBXSourcesBuildPhase;
			buildActionMask = 2147483647;
			files = (
				428A21162594A3A600246DB8 /* MyNewVideoDemoTests.swift in Sources */,
			);
			runOnlyForDeploymentPostprocessing = 0;
		};
		428A21182594A3A600246DB8 /* Sources */ = {
			isa = PBXSourcesBuildPhase;
			buildActionMask = 2147483647;
			files = (
				428A21212594A3A600246DB8 /* MyNewVideoDemoUITests.swift in Sources */,
			);
			runOnlyForDeploymentPostprocessing = 0;
		};
/* End PBXSourcesBuildPhase section */

/* Begin PBXTargetDependency section */
		428A21132594A3A600246DB8 /* PBXTargetDependency */ = {
			isa = PBXTargetDependency;
			target = 428A20FA2594A3A400246DB8 /* MyNewVideoDemo */;
			targetProxy = 428A21122594A3A600246DB8 /* PBXContainerItemProxy */;
		};
		428A211E2594A3A600246DB8 /* PBXTargetDependency */ = {
			isa = PBXTargetDependency;
			target = 428A20FA2594A3A400246DB8 /* MyNewVideoDemo */;
			targetProxy = 428A211D2594A3A600246DB8 /* PBXContainerItemProxy */;
		};
/* End PBXTargetDependency section */

/* Begin PBXVariantGroup section */
		428A21042594A3A400246DB8 /* Main.storyboard */ = {
			isa = PBXVariantGroup;
			children = (
				428A21052594A3A400246DB8 /* Base */,
			);
			name = Main.storyboard;
			sourceTree = "<group>";
		};
		428A21092594A3A600246DB8 /* LaunchScreen.storyboard */ = {
			isa = PBXVariantGroup;
			children = (
				428A210A2594A3A600246DB8 /* Base */,
			);
			name = LaunchScreen.storyboard;
			sourceTree = "<group>";
		};
/* End PBXVariantGroup section */

/* Begin XCBuildConfiguration section */
		428A21232594A3A600246DB8 /* Debug */ = {
			isa = XCBuildConfiguration;
			buildSettings = {
				ALWAYS_SEARCH_USER_PATHS = NO;
				CLANG_ANALYZER_NONNULL = YES;
				CLANG_ANALYZER_NUMBER_OBJECT_CONVERSION = YES_AGGRESSIVE;
				CLANG_CXX_LANGUAGE_STANDARD = "gnu++14";
				CLANG_CXX_LIBRARY = "libc++";
				CLANG_ENABLE_MODULES = YES;
				CLANG_ENABLE_OBJC_ARC = YES;
				CLANG_ENABLE_OBJC_WEAK = YES;
				CLANG_WARN_BLOCK_CAPTURE_AUTORELEASING = YES;
				CLANG_WARN_BOOL_CONVERSION = YES;
				CLANG_WARN_COMMA = YES;
				CLANG_WARN_CONSTANT_CONVERSION = YES;
				CLANG_WARN_DEPRECATED_OBJC_IMPLEMENTATIONS = YES;
				CLANG_WARN_DIRECT_OBJC_ISA_USAGE = YES_ERROR;
				CLANG_WARN_DOCUMENTATION_COMMENTS = YES;
				CLANG_WARN_EMPTY_BODY = YES;
				CLANG_WARN_ENUM_CONVERSION = YES;
				CLANG_WARN_INFINITE_RECURSION = YES;
				CLANG_WARN_INT_CONVERSION = YES;
				CLANG_WARN_NON_LITERAL_NULL_CONVERSION = YES;
				CLANG_WARN_OBJC_IMPLICIT_RETAIN_SELF = YES;
				CLANG_WARN_OBJC_LITERAL_CONVERSION = YES;
				CLANG_WARN_OBJC_ROOT_CLASS = YES_ERROR;
				CLANG_WARN_QUOTED_INCLUDE_IN_FRAMEWORK_HEADER = YES;
				CLANG_WARN_RANGE_LOOP_ANALYSIS = YES;
				CLANG_WARN_STRICT_PROTOTYPES = YES;
				CLANG_WARN_SUSPICIOUS_MOVE = YES;
				CLANG_WARN_UNGUARDED_AVAILABILITY = YES_AGGRESSIVE;
				CLANG_WARN_UNREACHABLE_CODE = YES;
				CLANG_WARN__DUPLICATE_METHOD_MATCH = YES;
				COPY_PHASE_STRIP = NO;
				DEBUG_INFORMATION_FORMAT = dwarf;
				ENABLE_STRICT_OBJC_MSGSEND = YES;
				ENABLE_TESTABILITY = YES;
				GCC_C_LANGUAGE_STANDARD = gnu11;
				GCC_DYNAMIC_NO_PIC = NO;
				GCC_NO_COMMON_BLOCKS = YES;
				GCC_OPTIMIZATION_LEVEL = 0;
				GCC_PREPROCESSOR_DEFINITIONS = (
					"DEBUG=1",
					"$(inherited)",
				);
				GCC_WARN_64_TO_32_BIT_CONVERSION = YES;
				GCC_WARN_ABOUT_RETURN_TYPE = YES_ERROR;
				GCC_WARN_UNDECLARED_SELECTOR = YES;
				GCC_WARN_UNINITIALIZED_AUTOS = YES_AGGRESSIVE;
				GCC_WARN_UNUSED_FUNCTION = YES;
				GCC_WARN_UNUSED_VARIABLE = YES;
				IPHONEOS_DEPLOYMENT_TARGET = 14.2;
				MTL_ENABLE_DEBUG_INFO = INCLUDE_SOURCE;
				MTL_FAST_MATH = YES;
				ONLY_ACTIVE_ARCH = YES;
				SDKROOT = iphoneos;
				SWIFT_ACTIVE_COMPILATION_CONDITIONS = DEBUG;
				SWIFT_OPTIMIZATION_LEVEL = "-Onone";
			};
			name = Debug;
		};
		428A21242594A3A600246DB8 /* Release */ = {
			isa = XCBuildConfiguration;
			buildSettings = {
				ALWAYS_SEARCH_USER_PATHS = NO;
				CLANG_ANALYZER_NONNULL = YES;
				CLANG_ANALYZER_NUMBER_OBJECT_CONVERSION = YES_AGGRESSIVE;
				CLANG_CXX_LANGUAGE_STANDARD = "gnu++14";
				CLANG_CXX_LIBRARY = "libc++";
				CLANG_ENABLE_MODULES = YES;
				CLANG_ENABLE_OBJC_ARC = YES;
				CLANG_ENABLE_OBJC_WEAK = YES;
				CLANG_WARN_BLOCK_CAPTURE_AUTORELEASING = YES;
				CLANG_WARN_BOOL_CONVERSION = YES;
				CLANG_WARN_COMMA = YES;
				CLANG_WARN_CONSTANT_CONVERSION = YES;
				CLANG_WARN_DEPRECATED_OBJC_IMPLEMENTATIONS = YES;
				CLANG_WARN_DIRECT_OBJC_ISA_USAGE = YES_ERROR;
				CLANG_WARN_DOCUMENTATION_COMMENTS = YES;
				CLANG_WARN_EMPTY_BODY = YES;
				CLANG_WARN_ENUM_CONVERSION = YES;
				CLANG_WARN_INFINITE_RECURSION = YES;
				CLANG_WARN_INT_CONVERSION = YES;
				CLANG_WARN_NON_LITERAL_NULL_CONVERSION = YES;
				CLANG_WARN_OBJC_IMPLICIT_RETAIN_SELF = YES;
				CLANG_WARN_OBJC_LITERAL_CONVERSION = YES;
				CLANG_WARN_OBJC_ROOT_CLASS = YES_ERROR;
				CLANG_WARN_QUOTED_INCLUDE_IN_FRAMEWORK_HEADER = YES;
				CLANG_WARN_RANGE_LOOP_ANALYSIS = YES;
				CLANG_WARN_STRICT_PROTOTYPES = YES;
				CLANG_WARN_SUSPICIOUS_MOVE = YES;
				CLANG_WARN_UNGUARDED_AVAILABILITY = YES_AGGRESSIVE;
				CLANG_WARN_UNREACHABLE_CODE = YES;
				CLANG_WARN__DUPLICATE_METHOD_MATCH = YES;
				COPY_PHASE_STRIP = NO;
				DEBUG_INFORMATION_FORMAT = "dwarf-with-dsym";
				ENABLE_NS_ASSERTIONS = NO;
				ENABLE_STRICT_OBJC_MSGSEND = YES;
				GCC_C_LANGUAGE_STANDARD = gnu11;
				GCC_NO_COMMON_BLOCKS = YES;
				GCC_WARN_64_TO_32_BIT_CONVERSION = YES;
				GCC_WARN_ABOUT_RETURN_TYPE = YES_ERROR;
				GCC_WARN_UNDECLARED_SELECTOR = YES;
				GCC_WARN_UNINITIALIZED_AUTOS = YES_AGGRESSIVE;
				GCC_WARN_UNUSED_FUNCTION = YES;
				GCC_WARN_UNUSED_VARIABLE = YES;
				IPHONEOS_DEPLOYMENT_TARGET = 14.2;
				MTL_ENABLE_DEBUG_INFO = NO;
				MTL_FAST_MATH = YES;
				SDKROOT = iphoneos;
				SWIFT_COMPILATION_MODE = wholemodule;
				SWIFT_OPTIMIZATION_LEVEL = "-O";
				VALIDATE_PRODUCT = YES;
			};
			name = Release;
		};
		428A21262594A3A600246DB8 /* Debug */ = {
			isa = XCBuildConfiguration;
			baseConfigurationReference = 52383A25FBDCD494AD6C8F8F /* Pods-MyNewVideoDemo.debug.xcconfig */;
			buildSettings = {
				ASSETCATALOG_COMPILER_APPICON_NAME = AppIcon;
				ASSETCATALOG_COMPILER_GLOBAL_ACCENT_COLOR_NAME = AccentColor;
				CODE_SIGN_STYLE = Automatic;
				DEVELOPMENT_TEAM = 288J2VBM56;
				INFOPLIST_FILE = MyNewVideoDemo/Info.plist;
				LD_RUNPATH_SEARCH_PATHS = (
					"$(inherited)",
					"@executable_path/Frameworks",
				);
				PRODUCT_BUNDLE_IDENTIFIER = mamun.MyNewVideoDemo;
				PRODUCT_NAME = "$(TARGET_NAME)";
				SWIFT_VERSION = 5.0;
				TARGETED_DEVICE_FAMILY = "1,2";
			};
			name = Debug;
		};
		428A21272594A3A600246DB8 /* Release */ = {
			isa = XCBuildConfiguration;
			baseConfigurationReference = 93003F1C96C7E0FDE0A5CEF3 /* Pods-MyNewVideoDemo.release.xcconfig */;
			buildSettings = {
				ASSETCATALOG_COMPILER_APPICON_NAME = AppIcon;
				ASSETCATALOG_COMPILER_GLOBAL_ACCENT_COLOR_NAME = AccentColor;
				CODE_SIGN_STYLE = Automatic;
				DEVELOPMENT_TEAM = 288J2VBM56;
				INFOPLIST_FILE = MyNewVideoDemo/Info.plist;
				LD_RUNPATH_SEARCH_PATHS = (
					"$(inherited)",
					"@executable_path/Frameworks",
				);
				PRODUCT_BUNDLE_IDENTIFIER = mamun.MyNewVideoDemo;
				PRODUCT_NAME = "$(TARGET_NAME)";
				SWIFT_VERSION = 5.0;
				TARGETED_DEVICE_FAMILY = "1,2";
			};
			name = Release;
		};
		428A21292594A3A600246DB8 /* Debug */ = {
			isa = XCBuildConfiguration;
			buildSettings = {
				ALWAYS_EMBED_SWIFT_STANDARD_LIBRARIES = YES;
				BUNDLE_LOADER = "$(TEST_HOST)";
				CODE_SIGN_STYLE = Automatic;
				INFOPLIST_FILE = MyNewVideoDemoTests/Info.plist;
				IPHONEOS_DEPLOYMENT_TARGET = 14.2;
				LD_RUNPATH_SEARCH_PATHS = (
					"$(inherited)",
					"@executable_path/Frameworks",
					"@loader_path/Frameworks",
				);
				PRODUCT_BUNDLE_IDENTIFIER = mamun.MyNewVideoDemoTests;
				PRODUCT_NAME = "$(TARGET_NAME)";
				SWIFT_VERSION = 5.0;
				TARGETED_DEVICE_FAMILY = "1,2";
				TEST_HOST = "$(BUILT_PRODUCTS_DIR)/MyNewVideoDemo.app/MyNewVideoDemo";
			};
			name = Debug;
		};
		428A212A2594A3A600246DB8 /* Release */ = {
			isa = XCBuildConfiguration;
			buildSettings = {
				ALWAYS_EMBED_SWIFT_STANDARD_LIBRARIES = YES;
				BUNDLE_LOADER = "$(TEST_HOST)";
				CODE_SIGN_STYLE = Automatic;
				INFOPLIST_FILE = MyNewVideoDemoTests/Info.plist;
				IPHONEOS_DEPLOYMENT_TARGET = 14.2;
				LD_RUNPATH_SEARCH_PATHS = (
					"$(inherited)",
					"@executable_path/Frameworks",
					"@loader_path/Frameworks",
				);
				PRODUCT_BUNDLE_IDENTIFIER = mamun.MyNewVideoDemoTests;
				PRODUCT_NAME = "$(TARGET_NAME)";
				SWIFT_VERSION = 5.0;
				TARGETED_DEVICE_FAMILY = "1,2";
				TEST_HOST = "$(BUILT_PRODUCTS_DIR)/MyNewVideoDemo.app/MyNewVideoDemo";
			};
			name = Release;
		};
		428A212C2594A3A600246DB8 /* Debug */ = {
			isa = XCBuildConfiguration;
			buildSettings = {
				ALWAYS_EMBED_SWIFT_STANDARD_LIBRARIES = YES;
				CODE_SIGN_STYLE = Automatic;
				INFOPLIST_FILE = MyNewVideoDemoUITests/Info.plist;
				LD_RUNPATH_SEARCH_PATHS = (
					"$(inherited)",
					"@executable_path/Frameworks",
					"@loader_path/Frameworks",
				);
				PRODUCT_BUNDLE_IDENTIFIER = mamun.MyNewVideoDemoUITests;
				PRODUCT_NAME = "$(TARGET_NAME)";
				SWIFT_VERSION = 5.0;
				TARGETED_DEVICE_FAMILY = "1,2";
				TEST_TARGET_NAME = MyNewVideoDemo;
			};
			name = Debug;
		};
		428A212D2594A3A600246DB8 /* Release */ = {
			isa = XCBuildConfiguration;
			buildSettings = {
				ALWAYS_EMBED_SWIFT_STANDARD_LIBRARIES = YES;
				CODE_SIGN_STYLE = Automatic;
				INFOPLIST_FILE = MyNewVideoDemoUITests/Info.plist;
				LD_RUNPATH_SEARCH_PATHS = (
					"$(inherited)",
					"@executable_path/Frameworks",
					"@loader_path/Frameworks",
				);
				PRODUCT_BUNDLE_IDENTIFIER = mamun.MyNewVideoDemoUITests;
				PRODUCT_NAME = "$(TARGET_NAME)";
				SWIFT_VERSION = 5.0;
				TARGETED_DEVICE_FAMILY = "1,2";
				TEST_TARGET_NAME = MyNewVideoDemo;
			};
			name = Release;
		};
/* End XCBuildConfiguration section */

/* Begin XCConfigurationList section */
		428A20F62594A3A400246DB8 /* Build configuration list for PBXProject "MyNewVideoDemo" */ = {
			isa = XCConfigurationList;
			buildConfigurations = (
				428A21232594A3A600246DB8 /* Debug */,
				428A21242594A3A600246DB8 /* Release */,
			);
			defaultConfigurationIsVisible = 0;
			defaultConfigurationName = Release;
		};
		428A21252594A3A600246DB8 /* Build configuration list for PBXNativeTarget "MyNewVideoDemo" */ = {
			isa = XCConfigurationList;
			buildConfigurations = (
				428A21262594A3A600246DB8 /* Debug */,
				428A21272594A3A600246DB8 /* Release */,
			);
			defaultConfigurationIsVisible = 0;
			defaultConfigurationName = Release;
		};
		428A21282594A3A600246DB8 /* Build configuration list for PBXNativeTarget "MyNewVideoDemoTests" */ = {
			isa = XCConfigurationList;
			buildConfigurations = (
				428A21292594A3A600246DB8 /* Debug */,
				428A212A2594A3A600246DB8 /* Release */,
			);
			defaultConfigurationIsVisible = 0;
			defaultConfigurationName = Release;
		};
		428A212B2594A3A600246DB8 /* Build configuration list for PBXNativeTarget "MyNewVideoDemoUITests" */ = {
			isa = XCConfigurationList;
			buildConfigurations = (
				428A212C2594A3A600246DB8 /* Debug */,
				428A212D2594A3A600246DB8 /* Release */,
			);
			defaultConfigurationIsVisible = 0;
			defaultConfigurationName = Release;
		};
/* End XCConfigurationList section */
	};
	rootObject = 428A20F32594A3A400246DB8 /* Project object */;
}
